// !$*UTF8*$!
{
	archiveVersion = 1;
	classes = {
	};
	objectVersion = 77;
	objects = {

/* Begin PBXBuildFile section */
		0612C3846887FBA5771C2129 /* ProteinEntry.swift in Sources */ = {isa = PBXBuildFile; fileRef = 0D6C0CD5C86923AD56705624 /* ProteinEntry.swift */; };
		0992D93DAE0A3E49BB74DB59 /* HomeViewModel.swift in Sources */ = {isa = PBXBuildFile; fileRef = 3CE9419B673BCAB26CA7E0D4 /* HomeViewModel.swift */; };
		09EF46BAE9FF52EB01E28EC1 /* DailyReminderScheduler.swift in Sources */ = {isa = PBXBuildFile; fileRef = F7D0A853AA716EAFA6D2E528 /* DailyReminderScheduler.swift */; };
		1296DF190D322AD19ACF2319 /* ProteinTrackerApp.swift in Sources */ = {isa = PBXBuildFile; fileRef = C1DA3C2F247A8E2213767105 /* ProteinTrackerApp.swift */; };
		19CBCA99F8AAF4B555ACB9BC /* QuickAddItem.swift in Sources */ = {isa = PBXBuildFile; fileRef = D89FBDBEE2D4BE3411921BD8 /* QuickAddItem.swift */; };
		1C34A58B7847BFCD85EA5687 /* FoodSuggestionRow.swift in Sources */ = {isa = PBXBuildFile; fileRef = 0E2C59EEF66A679DEFE8FC24 /* FoodSuggestionRow.swift */; };
		27219EC3712F4D24CF551E06 /* GoalOptionRow.swift in Sources */ = {isa = PBXBuildFile; fileRef = 5E7FD944ED9D05EC5A06F566 /* GoalOptionRow.swift */; };
		2AA6002FD9F449FA2DB8F2E7 /* FoodItem.swift in Sources */ = {isa = PBXBuildFile; fileRef = B8FCE90DA79638C0041462DE /* FoodItem.swift */; };
		2BBE16C8F23915FF6E4D9E61 /* OnboardingViewModel.swift in Sources */ = {isa = PBXBuildFile; fileRef = 968EA77104AD6BB82E9F1B3F /* OnboardingViewModel.swift */; };
		3A2A9438E94F5EA16D64544C /* SubscriptionStore.swift in Sources */ = {isa = PBXBuildFile; fileRef = 0DB46934C10F0B00FED427BA /* SubscriptionStore.swift */; };
		4159146B47B967B2A1F28365 /* FoodLogSort.swift in Sources */ = {isa = PBXBuildFile; fileRef = 8EC96072CE9D9714B7D7D778 /* FoodLogSort.swift */; };
		46F9F6A70B371917A1AF859E /* OnboardingState.swift in Sources */ = {isa = PBXBuildFile; fileRef = 91A32D11CA72E29A759C0D94 /* OnboardingState.swift */; };
		4A6D2B06FC19E56F5A527151 /* CustomFoodDirectory.swift in Sources */ = {isa = PBXBuildFile; fileRef = 13715386477BB094119BB36D /* CustomFoodDirectory.swift */; };
		4B302763B407B6696A79E4B2 /* GoalSelectionView.swift in Sources */ = {isa = PBXBuildFile; fileRef = C04C78CDCD5D1F68A2392F15 /* GoalSelectionView.swift */; };
		4C3901E5A5F0CE13BB2C3294 /* SplashView.swift in Sources */ = {isa = PBXBuildFile; fileRef = 312D738D72DB8596EA2FD56C /* SplashView.swift */; };
		5E1DF78254CB81B9F98515CF /* PlanOptionCard.swift in Sources */ = {isa = PBXBuildFile; fileRef = 02DB83A2FA82C9DD7BEE6260 /* PlanOptionCard.swift */; };
		62AB5973E5F229A37BA8E14D /* OnboardingFlowView.swift in Sources */ = {isa = PBXBuildFile; fileRef = 431A9E0936A4C4DD4F2881DD /* OnboardingFlowView.swift */; };
		7474347656CCD612BD6AABDC /* ProteinDataExport.swift in Sources */ = {isa = PBXBuildFile; fileRef = CF2977C5C7EC709F33CB8D71 /* ProteinDataExport.swift */; };
		76A0CC9DD3F5D63968735A7A /* FoodLookup.swift in Sources */ = {isa = PBXBuildFile; fileRef = A6233F88990A9B6E27759C69 /* FoodLookup.swift */; };
		78E22D6EC125AD2C5560D8D2 /* HomeView.swift in Sources */ = {isa = PBXBuildFile; fileRef = FEC2EC3A7F04E13BF82FE84E /* HomeView.swift */; };
		7EFC3EFC9255C7D6B3C31089 /* ProteinRingView.swift in Sources */ = {isa = PBXBuildFile; fileRef = DCE5C14B3453021FA1634D76 /* ProteinRingView.swift */; };
		8CFE4B6012F3A1BCDD2ABE0B /* FoodDatabase.swift in Sources */ = {isa = PBXBuildFile; fileRef = 58898C373BF5863A883EEE6C /* FoodDatabase.swift */; };
		90C7BAFCE95C42EE279ABE1E /* FoodEmoji.swift in Sources */ = {isa = PBXBuildFile; fileRef = CAEA51F6F4561E4C28B9306A /* FoodEmoji.swift */; };
		94793369C03B1F06E2DF1511 /* QuickAddTile.swift in Sources */ = {isa = PBXBuildFile; fileRef = 4A762566DACEFA1DD529238E /* QuickAddTile.swift */; };
		9F2DC463FD6464C79B3DD095 /* SettingsView.swift in Sources */ = {isa = PBXBuildFile; fileRef = F840DD06022B8578E8A2AE37 /* SettingsView.swift */; };
		A2883ABF526129CE4277CB80 /* DayTotal.swift in Sources */ = {isa = PBXBuildFile; fileRef = C29AB80FAEFA93EB935210F8 /* DayTotal.swift */; };
		A88D2E1F9A680A1292DD5A64 /* DailyProteinTargetView.swift in Sources */ = {isa = PBXBuildFile; fileRef = A446C9576FD47BDC6CBFBCE7 /* DailyProteinTargetView.swift */; };
		AD7E0338A7738FFAF29DB2AF /* SubscriptionPlan.swift in Sources */ = {isa = PBXBuildFile; fileRef = B287F0B13B9981D9F7C7D3D6 /* SubscriptionPlan.swift */; };
		B00CC2FCD2B499925C6EDC98 /* RootView.swift in Sources */ = {isa = PBXBuildFile; fileRef = 8D37081B498B6BA771C6FB99 /* RootView.swift */; };
		B6E5FDA59190FBFFB525C809 /* AppTheme.swift in Sources */ = {isa = PBXBuildFile; fileRef = 533B593C8D0CA4C298DC2A50 /* AppTheme.swift */; };
		BADB02E9DBF1268FDA89CCE7 /* ProteinStore.swift in Sources */ = {isa = PBXBuildFile; fileRef = EA5CFA3724850AA187A87F8D /* ProteinStore.swift */; };
		BFA3CA9EDAB21BB9CAE426E5 /* PaywallView.swift in Sources */ = {isa = PBXBuildFile; fileRef = 2865BBCC19431991DE433261 /* PaywallView.swift */; };
		C22456B1B280283FCF25D678 /* LegalLinks.swift in Sources */ = {isa = PBXBuildFile; fileRef = 1E79F382D471F5BB2CF3C1A3 /* LegalLinks.swift */; };
		C484CD04999D47208CBE36C8 /* HapticSettings.swift in Sources */ = {isa = PBXBuildFile; fileRef = 7DAE1684320A18A20F83851F /* HapticSettings.swift */; };
		C84A666459CD12581912E2AD /* LoggedEntryRow.swift in Sources */ = {isa = PBXBuildFile; fileRef = 88B46035335051ECFF70348C /* LoggedEntryRow.swift */; };
		CA3F739208B026AF9222AB8A /* DayDetailView.swift in Sources */ = {isa = PBXBuildFile; fileRef = F996FBC47B27CFCF23370E16 /* DayDetailView.swift */; };
		D3CFEE5C5B9AE23B129373BD /* Assets.xcassets in Resources */ = {isa = PBXBuildFile; fileRef = BA7CEDC0D550B559F5ED095B /* Assets.xcassets */; };
		D44046B06558D531E88B5A38 /* StatTile.swift in Sources */ = {isa = PBXBuildFile; fileRef = 0B8B3E28E613F6DCB5F720C2 /* StatTile.swift */; };
		E0C4B1A74EB0F2FBEC4BF73F /* MonthHeatmapView.swift in Sources */ = {isa = PBXBuildFile; fileRef = 8BD81CAD4CC1051D8FA49C35 /* MonthHeatmapView.swift */; };
		E2B98B3A64AD1014EAF5196B /* SettingsViewModel.swift in Sources */ = {isa = PBXBuildFile; fileRef = 65C44E3CA16D10B4D0A41234 /* SettingsViewModel.swift */; };
		E386155394D7FFBFB84E281D /* StatsView.swift in Sources */ = {isa = PBXBuildFile; fileRef = 4E56626BF4C208607A1B2C6B /* StatsView.swift */; };
		EEDB3C7064CA74DA63D06D94 /* OnboardingGoal.swift in Sources */ = {isa = PBXBuildFile; fileRef = 4EDF009DCF082916298997CA /* OnboardingGoal.swift */; };
		F31FBFC5E9780147D89279CC /* NotificationsOptInView.swift in Sources */ = {isa = PBXBuildFile; fileRef = 99DE857B0510D35F8A5D0A35 /* NotificationsOptInView.swift */; };
		FBD4282AB6F36C973C186970 /* StatsViewModel.swift in Sources */ = {isa = PBXBuildFile; fileRef = 229D951962382389020C158C /* StatsViewModel.swift */; };
/* End PBXBuildFile section */

/* Begin PBXFileReference section */
		02DB83A2FA82C9DD7BEE6260 /* PlanOptionCard.swift */ = {isa = PBXFileReference; lastKnownFileType = sourcecode.swift; path = PlanOptionCard.swift; sourceTree = "<group>"; };
		0B8B3E28E613F6DCB5F720C2 /* StatTile.swift */ = {isa = PBXFileReference; lastKnownFileType = sourcecode.swift; path = StatTile.swift; sourceTree = "<group>"; };
		0D6C0CD5C86923AD56705624 /* ProteinEntry.swift */ = {isa = PBXFileReference; lastKnownFileType = sourcecode.swift; path = ProteinEntry.swift; sourceTree = "<group>"; };
		0DB46934C10F0B00FED427BA /* SubscriptionStore.swift */ = {isa = PBXFileReference; lastKnownFileType = sourcecode.swift; path = SubscriptionStore.swift; sourceTree = "<group>"; };
		0E2C59EEF66A679DEFE8FC24 /* FoodSuggestionRow.swift */ = {isa = PBXFileReference; lastKnownFileType = sourcecode.swift; path = FoodSuggestionRow.swift; sourceTree = "<group>"; };
		13715386477BB094119BB36D /* CustomFoodDirectory.swift */ = {isa = PBXFileReference; lastKnownFileType = sourcecode.swift; path = CustomFoodDirectory.swift; sourceTree = "<group>"; };
		1E79F382D471F5BB2CF3C1A3 /* LegalLinks.swift */ = {isa = PBXFileReference; lastKnownFileType = sourcecode.swift; path = LegalLinks.swift; sourceTree = "<group>"; };
		229D951962382389020C158C /* StatsViewModel.swift */ = {isa = PBXFileReference; lastKnownFileType = sourcecode.swift; path = StatsViewModel.swift; sourceTree = "<group>"; };
		2865BBCC19431991DE433261 /* PaywallView.swift */ = {isa = PBXFileReference; lastKnownFileType = sourcecode.swift; path = PaywallView.swift; sourceTree = "<group>"; };
		312D738D72DB8596EA2FD56C /* SplashView.swift */ = {isa = PBXFileReference; lastKnownFileType = sourcecode.swift; path = SplashView.swift; sourceTree = "<group>"; };
		3CE9419B673BCAB26CA7E0D4 /* HomeViewModel.swift */ = {isa = PBXFileReference; lastKnownFileType = sourcecode.swift; path = HomeViewModel.swift; sourceTree = "<group>"; };
		431A9E0936A4C4DD4F2881DD /* OnboardingFlowView.swift */ = {isa = PBXFileReference; lastKnownFileType = sourcecode.swift; path = OnboardingFlowView.swift; sourceTree = "<group>"; };
		4A762566DACEFA1DD529238E /* QuickAddTile.swift */ = {isa = PBXFileReference; lastKnownFileType = sourcecode.swift; path = QuickAddTile.swift; sourceTree = "<group>"; };
		4AC63E2BFAC5BDCB35B3124A /* ProteinTracker.entitlements */ = {isa = PBXFileReference; lastKnownFileType = text.plist.entitlements; path = ProteinTracker.entitlements; sourceTree = "<group>"; };
		4E56626BF4C208607A1B2C6B /* StatsView.swift */ = {isa = PBXFileReference; lastKnownFileType = sourcecode.swift; path = StatsView.swift; sourceTree = "<group>"; };
		4EDF009DCF082916298997CA /* OnboardingGoal.swift */ = {isa = PBXFileReference; lastKnownFileType = sourcecode.swift; path = OnboardingGoal.swift; sourceTree = "<group>"; };
		533B593C8D0CA4C298DC2A50 /* AppTheme.swift */ = {isa = PBXFileReference; lastKnownFileType = sourcecode.swift; path = AppTheme.swift; sourceTree = "<group>"; };
		58898C373BF5863A883EEE6C /* FoodDatabase.swift */ = {isa = PBXFileReference; lastKnownFileType = sourcecode.swift; path = FoodDatabase.swift; sourceTree = "<group>"; };
		5E7FD944ED9D05EC5A06F566 /* GoalOptionRow.swift */ = {isa = PBXFileReference; lastKnownFileType = sourcecode.swift; path = GoalOptionRow.swift; sourceTree = "<group>"; };
		65C44E3CA16D10B4D0A41234 /* SettingsViewModel.swift */ = {isa = PBXFileReference; lastKnownFileType = sourcecode.swift; path = SettingsViewModel.swift; sourceTree = "<group>"; };
		7DAE1684320A18A20F83851F /* HapticSettings.swift */ = {isa = PBXFileReference; lastKnownFileType = sourcecode.swift; path = HapticSettings.swift; sourceTree = "<group>"; };
		88B46035335051ECFF70348C /* LoggedEntryRow.swift */ = {isa = PBXFileReference; lastKnownFileType = sourcecode.swift; path = LoggedEntryRow.swift; sourceTree = "<group>"; };
		8BD81CAD4CC1051D8FA49C35 /* MonthHeatmapView.swift */ = {isa = PBXFileReference; lastKnownFileType = sourcecode.swift; path = MonthHeatmapView.swift; sourceTree = "<group>"; };
		8D37081B498B6BA771C6FB99 /* RootView.swift */ = {isa = PBXFileReference; lastKnownFileType = sourcecode.swift; path = RootView.swift; sourceTree = "<group>"; };
		8EC96072CE9D9714B7D7D778 /* FoodLogSort.swift */ = {isa = PBXFileReference; lastKnownFileType = sourcecode.swift; path = FoodLogSort.swift; sourceTree = "<group>"; };
		91A32D11CA72E29A759C0D94 /* OnboardingState.swift */ = {isa = PBXFileReference; lastKnownFileType = sourcecode.swift; path = OnboardingState.swift; sourceTree = "<group>"; };
		968EA77104AD6BB82E9F1B3F /* OnboardingViewModel.swift */ = {isa = PBXFileReference; lastKnownFileType = sourcecode.swift; path = OnboardingViewModel.swift; sourceTree = "<group>"; };
		99DE857B0510D35F8A5D0A35 /* NotificationsOptInView.swift */ = {isa = PBXFileReference; lastKnownFileType = sourcecode.swift; path = NotificationsOptInView.swift; sourceTree = "<group>"; };
		A446C9576FD47BDC6CBFBCE7 /* DailyProteinTargetView.swift */ = {isa = PBXFileReference; lastKnownFileType = sourcecode.swift; path = DailyProteinTargetView.swift; sourceTree = "<group>"; };
		A6233F88990A9B6E27759C69 /* FoodLookup.swift */ = {isa = PBXFileReference; lastKnownFileType = sourcecode.swift; path = FoodLookup.swift; sourceTree = "<group>"; };
		B287F0B13B9981D9F7C7D3D6 /* SubscriptionPlan.swift */ = {isa = PBXFileReference; lastKnownFileType = sourcecode.swift; path = SubscriptionPlan.swift; sourceTree = "<group>"; };
		B8FCE90DA79638C0041462DE /* FoodItem.swift */ = {isa = PBXFileReference; lastKnownFileType = sourcecode.swift; path = FoodItem.swift; sourceTree = "<group>"; };
		BA7CEDC0D550B559F5ED095B /* Assets.xcassets */ = {isa = PBXFileReference; lastKnownFileType = folder.assetcatalog; path = Assets.xcassets; sourceTree = "<group>"; };
		C04C78CDCD5D1F68A2392F15 /* GoalSelectionView.swift */ = {isa = PBXFileReference; lastKnownFileType = sourcecode.swift; path = GoalSelectionView.swift; sourceTree = "<group>"; };
		C06812F5BE7EA300B0A007C3 /* ProteinTracker.app */ = {isa = PBXFileReference; includeInIndex = 0; lastKnownFileType = wrapper.application; path = ProteinTracker.app; sourceTree = BUILT_PRODUCTS_DIR; };
		C1DA3C2F247A8E2213767105 /* ProteinTrackerApp.swift */ = {isa = PBXFileReference; lastKnownFileType = sourcecode.swift; path = ProteinTrackerApp.swift; sourceTree = "<group>"; };
		C29AB80FAEFA93EB935210F8 /* DayTotal.swift */ = {isa = PBXFileReference; lastKnownFileType = sourcecode.swift; path = DayTotal.swift; sourceTree = "<group>"; };
		CAEA51F6F4561E4C28B9306A /* FoodEmoji.swift */ = {isa = PBXFileReference; lastKnownFileType = sourcecode.swift; path = FoodEmoji.swift; sourceTree = "<group>"; };
		CF2977C5C7EC709F33CB8D71 /* ProteinDataExport.swift */ = {isa = PBXFileReference; lastKnownFileType = sourcecode.swift; path = ProteinDataExport.swift; sourceTree = "<group>"; };
		D89FBDBEE2D4BE3411921BD8 /* QuickAddItem.swift */ = {isa = PBXFileReference; lastKnownFileType = sourcecode.swift; path = QuickAddItem.swift; sourceTree = "<group>"; };
		DCE5C14B3453021FA1634D76 /* ProteinRingView.swift */ = {isa = PBXFileReference; lastKnownFileType = sourcecode.swift; path = ProteinRingView.swift; sourceTree = "<group>"; };
		EA5CFA3724850AA187A87F8D /* ProteinStore.swift */ = {isa = PBXFileReference; lastKnownFileType = sourcecode.swift; path = ProteinStore.swift; sourceTree = "<group>"; };
		F7D0A853AA716EAFA6D2E528 /* DailyReminderScheduler.swift */ = {isa = PBXFileReference; lastKnownFileType = sourcecode.swift; path = DailyReminderScheduler.swift; sourceTree = "<group>"; };
		F840DD06022B8578E8A2AE37 /* SettingsView.swift */ = {isa = PBXFileReference; lastKnownFileType = sourcecode.swift; path = SettingsView.swift; sourceTree = "<group>"; };
		F996FBC47B27CFCF23370E16 /* DayDetailView.swift */ = {isa = PBXFileReference; lastKnownFileType = sourcecode.swift; path = DayDetailView.swift; sourceTree = "<group>"; };
		FEC2EC3A7F04E13BF82FE84E /* HomeView.swift */ = {isa = PBXFileReference; lastKnownFileType = sourcecode.swift; path = HomeView.swift; sourceTree = "<group>"; };
/* End PBXFileReference section */

/* Begin PBXGroup section */
		0047825D3B6A22302F0EC783 /* Home */ = {
			isa = PBXGroup;
			children = (
				FEC2EC3A7F04E13BF82FE84E /* HomeView.swift */,
				3CE9419B673BCAB26CA7E0D4 /* HomeViewModel.swift */,
				312D738D72DB8596EA2FD56C /* SplashView.swift */,
				732DAE85628E62091DE03516 /* Components */,
			);
			path = Home;
			sourceTree = "<group>";
		};
		0D3CF4EFC988E2D3B225C1C7 /* Components */ = {
			isa = PBXGroup;
			children = (
				5E7FD944ED9D05EC5A06F566 /* GoalOptionRow.swift */,
				02DB83A2FA82C9DD7BEE6260 /* PlanOptionCard.swift */,
			);
			path = Components;
			sourceTree = "<group>";
		};
		28DAAD798C9C5DEDCD5A9C3D /* Stats */ = {
			isa = PBXGroup;
			children = (
				4E56626BF4C208607A1B2C6B /* StatsView.swift */,
				229D951962382389020C158C /* StatsViewModel.swift */,
				50DD28D6F418986EF3AE5013 /* Components */,
			);
			path = Stats;
			sourceTree = "<group>";
		};
		45F07B7D1789AFCD1FDAE126 /* Onboarding */ = {
			isa = PBXGroup;
			children = (
				A446C9576FD47BDC6CBFBCE7 /* DailyProteinTargetView.swift */,
				C04C78CDCD5D1F68A2392F15 /* GoalSelectionView.swift */,
				99DE857B0510D35F8A5D0A35 /* NotificationsOptInView.swift */,
				431A9E0936A4C4DD4F2881DD /* OnboardingFlowView.swift */,
				968EA77104AD6BB82E9F1B3F /* OnboardingViewModel.swift */,
				2865BBCC19431991DE433261 /* PaywallView.swift */,
				0D3CF4EFC988E2D3B225C1C7 /* Components */,
			);
			path = Onboarding;
			sourceTree = "<group>";
		};
		4A59AAF95DC5DC4B5ED76D6E /* ProteinTracker */ = {
			isa = PBXGroup;
			children = (
				BA7CEDC0D550B559F5ED095B /* Assets.xcassets */,
				4AC63E2BFAC5BDCB35B3124A /* ProteinTracker.entitlements */,
				C1DA3C2F247A8E2213767105 /* ProteinTrackerApp.swift */,
				8D37081B498B6BA771C6FB99 /* RootView.swift */,
				81A26A4BC94D51DBA9029080 /* Features */,
				F3D2AB8FB3392DCCC28D1960 /* Models */,
				BE59E7624D8574FF588F5C31 /* Shared */,
			);
			path = ProteinTracker;
			sourceTree = "<group>";
		};
		50DD28D6F418986EF3AE5013 /* Components */ = {
			isa = PBXGroup;
			children = (
				F996FBC47B27CFCF23370E16 /* DayDetailView.swift */,
				8BD81CAD4CC1051D8FA49C35 /* MonthHeatmapView.swift */,
				0B8B3E28E613F6DCB5F720C2 /* StatTile.swift */,
			);
			path = Components;
			sourceTree = "<group>";
		};
		5C1E69669E433EC3ABC66227 /* Settings */ = {
			isa = PBXGroup;
			children = (
				F840DD06022B8578E8A2AE37 /* SettingsView.swift */,
				65C44E3CA16D10B4D0A41234 /* SettingsViewModel.swift */,
			);
			path = Settings;
			sourceTree = "<group>";
		};
		732DAE85628E62091DE03516 /* Components */ = {
			isa = PBXGroup;
			children = (
				0E2C59EEF66A679DEFE8FC24 /* FoodSuggestionRow.swift */,
				88B46035335051ECFF70348C /* LoggedEntryRow.swift */,
				DCE5C14B3453021FA1634D76 /* ProteinRingView.swift */,
				4A762566DACEFA1DD529238E /* QuickAddTile.swift */,
			);
			path = Components;
			sourceTree = "<group>";
		};
		81A26A4BC94D51DBA9029080 /* Features */ = {
			isa = PBXGroup;
			children = (
				0047825D3B6A22302F0EC783 /* Home */,
				45F07B7D1789AFCD1FDAE126 /* Onboarding */,
				5C1E69669E433EC3ABC66227 /* Settings */,
				28DAAD798C9C5DEDCD5A9C3D /* Stats */,
			);
			path = Features;
			sourceTree = "<group>";
		};
		BE59E7624D8574FF588F5C31 /* Shared */ = {
			isa = PBXGroup;
			children = (
				533B593C8D0CA4C298DC2A50 /* AppTheme.swift */,
				13715386477BB094119BB36D /* CustomFoodDirectory.swift */,
				F7D0A853AA716EAFA6D2E528 /* DailyReminderScheduler.swift */,
				58898C373BF5863A883EEE6C /* FoodDatabase.swift */,
				CAEA51F6F4561E4C28B9306A /* FoodEmoji.swift */,
				8EC96072CE9D9714B7D7D778 /* FoodLogSort.swift */,
				A6233F88990A9B6E27759C69 /* FoodLookup.swift */,
				7DAE1684320A18A20F83851F /* HapticSettings.swift */,
				1E79F382D471F5BB2CF3C1A3 /* LegalLinks.swift */,
				91A32D11CA72E29A759C0D94 /* OnboardingState.swift */,
				CF2977C5C7EC709F33CB8D71 /* ProteinDataExport.swift */,
				EA5CFA3724850AA187A87F8D /* ProteinStore.swift */,
				0DB46934C10F0B00FED427BA /* SubscriptionStore.swift */,
			);
			path = Shared;
			sourceTree = "<group>";
		};
		F3D2AB8FB3392DCCC28D1960 /* Models */ = {
			isa = PBXGroup;
			children = (
				C29AB80FAEFA93EB935210F8 /* DayTotal.swift */,
				B8FCE90DA79638C0041462DE /* FoodItem.swift */,
				4EDF009DCF082916298997CA /* OnboardingGoal.swift */,
				0D6C0CD5C86923AD56705624 /* ProteinEntry.swift */,
				D89FBDBEE2D4BE3411921BD8 /* QuickAddItem.swift */,
				B287F0B13B9981D9F7C7D3D6 /* SubscriptionPlan.swift */,
			);
			path = Models;
			sourceTree = "<group>";
		};
		F4E9DC90292325928149D73C = {
			isa = PBXGroup;
			children = (
				4A59AAF95DC5DC4B5ED76D6E /* ProteinTracker */,
				FCDD46ECC72B7AC9A91C91F9 /* Products */,
			);
			sourceTree = "<group>";
		};
		FCDD46ECC72B7AC9A91C91F9 /* Products */ = {
			isa = PBXGroup;
			children = (
				C06812F5BE7EA300B0A007C3 /* ProteinTracker.app */,
			);
			name = Products;
			sourceTree = "<group>";
		};
/* End PBXGroup section */

/* Begin PBXNativeTarget section */
		DEAE5C76F9BFF7EE112E666A /* ProteinTracker */ = {
			isa = PBXNativeTarget;
			buildConfigurationList = EE86B7CF701A24D92CDA1F19 /* Build configuration list for PBXNativeTarget "ProteinTracker" */;
			buildPhases = (
				75F2C879E20C0019B8E5804C /* Sources */,
				A31E527B80759E139AA4B2FF /* Resources */,
			);
			buildRules = (
			);
			dependencies = (
			);
			name = ProteinTracker;
			packageProductDependencies = (
			);
			productName = ProteinTracker;
			productReference = C06812F5BE7EA300B0A007C3 /* ProteinTracker.app */;
			productType = "com.apple.product-type.application";
		};
/* End PBXNativeTarget section */

/* Begin PBXProject section */
		0EDE50BFD0073D3B7A2CF2AF /* Project object */ = {
			isa = PBXProject;
			attributes = {
				BuildIndependentTargetsInParallel = YES;
				LastUpgradeCheck = 1430;
				TargetAttributes = {
					DEAE5C76F9BFF7EE112E666A = {
						DevelopmentTeam = 66VA8628J7;
					};
				};
			};
			buildConfigurationList = BD233CC7D75673CF4A39DFBA /* Build configuration list for PBXProject "ProteinTracker" */;
			compatibilityVersion = "Xcode 14.0";
			developmentRegion = en;
			hasScannedForEncodings = 0;
			knownRegions = (
				Base,
				en,
			);
			mainGroup = F4E9DC90292325928149D73C;
			minimizedProjectReferenceProxies = 1;
			preferredProjectObjectVersion = 77;
			projectDirPath = "";
			projectRoot = "";
			targets = (
				DEAE5C76F9BFF7EE112E666A /* ProteinTracker */,
			);
		};
/* End PBXProject section */

/* Begin PBXResourcesBuildPhase section */
		A31E527B80759E139AA4B2FF /* Resources */ = {
			isa = PBXResourcesBuildPhase;
			buildActionMask = 2147483647;
			files = (
				D3CFEE5C5B9AE23B129373BD /* Assets.xcassets in Resources */,
			);
			runOnlyForDeploymentPostprocessing = 0;
		};
/* End PBXResourcesBuildPhase section */

/* Begin PBXSourcesBuildPhase section */
		75F2C879E20C0019B8E5804C /* Sources */ = {
			isa = PBXSourcesBuildPhase;
			buildActionMask = 2147483647;
			files = (
				B6E5FDA59190FBFFB525C809 /* AppTheme.swift in Sources */,
				4A6D2B06FC19E56F5A527151 /* CustomFoodDirectory.swift in Sources */,
				A88D2E1F9A680A1292DD5A64 /* DailyProteinTargetView.swift in Sources */,
				09EF46BAE9FF52EB01E28EC1 /* DailyReminderScheduler.swift in Sources */,
				CA3F739208B026AF9222AB8A /* DayDetailView.swift in Sources */,
				A2883ABF526129CE4277CB80 /* DayTotal.swift in Sources */,
				8CFE4B6012F3A1BCDD2ABE0B /* FoodDatabase.swift in Sources */,
				90C7BAFCE95C42EE279ABE1E /* FoodEmoji.swift in Sources */,
				2AA6002FD9F449FA2DB8F2E7 /* FoodItem.swift in Sources */,
				4159146B47B967B2A1F28365 /* FoodLogSort.swift in Sources */,
				76A0CC9DD3F5D63968735A7A /* FoodLookup.swift in Sources */,
				1C34A58B7847BFCD85EA5687 /* FoodSuggestionRow.swift in Sources */,
				27219EC3712F4D24CF551E06 /* GoalOptionRow.swift in Sources */,
				4B302763B407B6696A79E4B2 /* GoalSelectionView.swift in Sources */,
				C484CD04999D47208CBE36C8 /* HapticSettings.swift in Sources */,
				78E22D6EC125AD2C5560D8D2 /* HomeView.swift in Sources */,
				0992D93DAE0A3E49BB74DB59 /* HomeViewModel.swift in Sources */,
				C22456B1B280283FCF25D678 /* LegalLinks.swift in Sources */,
				C84A666459CD12581912E2AD /* LoggedEntryRow.swift in Sources */,
				E0C4B1A74EB0F2FBEC4BF73F /* MonthHeatmapView.swift in Sources */,
				F31FBFC5E9780147D89279CC /* NotificationsOptInView.swift in Sources */,
				62AB5973E5F229A37BA8E14D /* OnboardingFlowView.swift in Sources */,
				EEDB3C7064CA74DA63D06D94 /* OnboardingGoal.swift in Sources */,
				46F9F6A70B371917A1AF859E /* OnboardingState.swift in Sources */,
				2BBE16C8F23915FF6E4D9E61 /* OnboardingViewModel.swift in Sources */,
				BFA3CA9EDAB21BB9CAE426E5 /* PaywallView.swift in Sources */,
				5E1DF78254CB81B9F98515CF /* PlanOptionCard.swift in Sources */,
				7474347656CCD612BD6AABDC /* ProteinDataExport.swift in Sources */,
				0612C3846887FBA5771C2129 /* ProteinEntry.swift in Sources */,
				7EFC3EFC9255C7D6B3C31089 /* ProteinRingView.swift in Sources */,
				BADB02E9DBF1268FDA89CCE7 /* ProteinStore.swift in Sources */,
				1296DF190D322AD19ACF2319 /* ProteinTrackerApp.swift in Sources */,
				19CBCA99F8AAF4B555ACB9BC /* QuickAddItem.swift in Sources */,
				94793369C03B1F06E2DF1511 /* QuickAddTile.swift in Sources */,
				B00CC2FCD2B499925C6EDC98 /* RootView.swift in Sources */,
				9F2DC463FD6464C79B3DD095 /* SettingsView.swift in Sources */,
				E2B98B3A64AD1014EAF5196B /* SettingsViewModel.swift in Sources */,
				4C3901E5A5F0CE13BB2C3294 /* SplashView.swift in Sources */,
				D44046B06558D531E88B5A38 /* StatTile.swift in Sources */,
				E386155394D7FFBFB84E281D /* StatsView.swift in Sources */,
				FBD4282AB6F36C973C186970 /* StatsViewModel.swift in Sources */,
				AD7E0338A7738FFAF29DB2AF /* SubscriptionPlan.swift in Sources */,
				3A2A9438E94F5EA16D64544C /* SubscriptionStore.swift in Sources */,
			);
			runOnlyForDeploymentPostprocessing = 0;
		};
/* End PBXSourcesBuildPhase section */

/* Begin XCBuildConfiguration section */
		158F60C17ACDD797698EB8FB /* Debug */ = {
			isa = XCBuildConfiguration;
			buildSettings = {
				ALWAYS_SEARCH_USER_PATHS = NO;
				CLANG_ANALYZER_NONNULL = YES;
				CLANG_ANALYZER_NUMBER_OBJECT_CONVERSION = YES_AGGRESSIVE;
				CLANG_CXX_LANGUAGE_STANDARD = "gnu++14";
				CLANG_CXX_LIBRARY = "libc++";
				CLANG_ENABLE_MODULES = YES;
				CLANG_ENABLE_OBJC_ARC = YES;
				CLANG_ENABLE_OBJC_WEAK = YES;
				CLANG_WARN_BLOCK_CAPTURE_AUTORELEASING = YES;
				CLANG_WARN_BOOL_CONVERSION = YES;
				CLANG_WARN_COMMA = YES;
				CLANG_WARN_CONSTANT_CONVERSION = YES;
				CLANG_WARN_DEPRECATED_OBJC_IMPLEMENTATIONS = YES;
				CLANG_WARN_DIRECT_OBJC_ISA_USAGE = YES_ERROR;
				CLANG_WARN_DOCUMENTATION_COMMENTS = YES;
				CLANG_WARN_EMPTY_BODY = YES;
				CLANG_WARN_ENUM_CONVERSION = YES;
				CLANG_WARN_INFINITE_RECURSION = YES;
				CLANG_WARN_INT_CONVERSION = YES;
				CLANG_WARN_NON_LITERAL_NULL_CONVERSION = YES;
				CLANG_WARN_OBJC_IMPLICIT_RETAIN_SELF = YES;
				CLANG_WARN_OBJC_LITERAL_CONVERSION = YES;
				CLANG_WARN_OBJC_ROOT_CLASS = YES_ERROR;
				CLANG_WARN_QUOTED_INCLUDE_IN_FRAMEWORK_HEADER = YES;
				CLANG_WARN_RANGE_LOOP_ANALYSIS = YES;
				CLANG_WARN_STRICT_PROTOTYPES = YES;
				CLANG_WARN_SUSPICIOUS_MOVE = YES;
				CLANG_WARN_UNGUARDED_AVAILABILITY = YES_AGGRESSIVE;
				CLANG_WARN_UNREACHABLE_CODE = YES;
				CLANG_WARN__DUPLICATE_METHOD_MATCH = YES;
				COPY_PHASE_STRIP = NO;
				DEBUG_INFORMATION_FORMAT = dwarf;
				DEVELOPMENT_TEAM = 66VA8628J7;
				ENABLE_STRICT_OBJC_MSGSEND = YES;
				ENABLE_TESTABILITY = YES;
				GCC_C_LANGUAGE_STANDARD = gnu11;
				GCC_DYNAMIC_NO_PIC = NO;
				GCC_NO_COMMON_BLOCKS = YES;
				GCC_OPTIMIZATION_LEVEL = 0;
				GCC_PREPROCESSOR_DEFINITIONS = (
					"$(inherited)",
					"DEBUG=1",
				);
				GCC_WARN_64_TO_32_BIT_CONVERSION = YES;
				GCC_WARN_ABOUT_RETURN_TYPE = YES_ERROR;
				GCC_WARN_UNDECLARED_SELECTOR = YES;
				GCC_WARN_UNINITIALIZED_AUTOS = YES_AGGRESSIVE;
				GCC_WARN_UNUSED_FUNCTION = YES;
				GCC_WARN_UNUSED_VARIABLE = YES;
				IPHONEOS_DEPLOYMENT_TARGET = 26.0;
				MTL_ENABLE_DEBUG_INFO = INCLUDE_SOURCE;
				MTL_FAST_MATH = YES;
				ONLY_ACTIVE_ARCH = YES;
				PRODUCT_NAME = "$(TARGET_NAME)";
				SDKROOT = iphoneos;
				SWIFT_ACTIVE_COMPILATION_CONDITIONS = DEBUG;
				SWIFT_OPTIMIZATION_LEVEL = "-Onone";
				SWIFT_VERSION = 5.0;
			};
			name = Debug;
		};
		2F970FC805AB8FCFEF7BFBEF /* Release */ = {
			isa = XCBuildConfiguration;
			buildSettings = {
				ALWAYS_SEARCH_USER_PATHS = NO;
				CLANG_ANALYZER_NONNULL = YES;
				CLANG_ANALYZER_NUMBER_OBJECT_CONVERSION = YES_AGGRESSIVE;
				CLANG_CXX_LANGUAGE_STANDARD = "gnu++14";
				CLANG_CXX_LIBRARY = "libc++";
				CLANG_ENABLE_MODULES = YES;
				CLANG_ENABLE_OBJC_ARC = YES;
				CLANG_ENABLE_OBJC_WEAK = YES;
				CLANG_WARN_BLOCK_CAPTURE_AUTORELEASING = YES;
				CLANG_WARN_BOOL_CONVERSION = YES;
				CLANG_WARN_COMMA = YES;
				CLANG_WARN_CONSTANT_CONVERSION = YES;
				CLANG_WARN_DEPRECATED_OBJC_IMPLEMENTATIONS = YES;
				CLANG_WARN_DIRECT_OBJC_ISA_USAGE = YES_ERROR;
				CLANG_WARN_DOCUMENTATION_COMMENTS = YES;
				CLANG_WARN_EMPTY_BODY = YES;
				CLANG_WARN_ENUM_CONVERSION = YES;
				CLANG_WARN_INFINITE_RECURSION = YES;
				CLANG_WARN_INT_CONVERSION = YES;
				CLANG_WARN_NON_LITERAL_NULL_CONVERSION = YES;
				CLANG_WARN_OBJC_IMPLICIT_RETAIN_SELF = YES;
				CLANG_WARN_OBJC_LITERAL_CONVERSION = YES;
				CLANG_WARN_OBJC_ROOT_CLASS = YES_ERROR;
				CLANG_WARN_QUOTED_INCLUDE_IN_FRAMEWORK_HEADER = YES;
				CLANG_WARN_RANGE_LOOP_ANALYSIS = YES;
				CLANG_WARN_STRICT_PROTOTYPES = YES;
				CLANG_WARN_SUSPICIOUS_MOVE = YES;
				CLANG_WARN_UNGUARDED_AVAILABILITY = YES_AGGRESSIVE;
				CLANG_WARN_UNREACHABLE_CODE = YES;
				CLANG_WARN__DUPLICATE_METHOD_MATCH = YES;
				COPY_PHASE_STRIP = NO;
				DEBUG_INFORMATION_FORMAT = "dwarf-with-dsym";
				DEVELOPMENT_TEAM = 66VA8628J7;
				ENABLE_NS_ASSERTIONS = NO;
				ENABLE_STRICT_OBJC_MSGSEND = YES;
				GCC_C_LANGUAGE_STANDARD = gnu11;
				GCC_NO_COMMON_BLOCKS = YES;
				GCC_WARN_64_TO_32_BIT_CONVERSION = YES;
				GCC_WARN_ABOUT_RETURN_TYPE = YES_ERROR;
				GCC_WARN_UNDECLARED_SELECTOR = YES;
				GCC_WARN_UNINITIALIZED_AUTOS = YES_AGGRESSIVE;
				GCC_WARN_UNUSED_FUNCTION = YES;
				GCC_WARN_UNUSED_VARIABLE = YES;
				IPHONEOS_DEPLOYMENT_TARGET = 26.0;
				MTL_ENABLE_DEBUG_INFO = NO;
				MTL_FAST_MATH = YES;
				PRODUCT_NAME = "$(TARGET_NAME)";
				SDKROOT = iphoneos;
				SWIFT_COMPILATION_MODE = wholemodule;
				SWIFT_OPTIMIZATION_LEVEL = "-O";
				SWIFT_VERSION = 5.0;
			};
			name = Release;
		};
		92A38CB2C4669166395185E4 /* Release */ = {
			isa = XCBuildConfiguration;
			buildSettings = {
				ASSETCATALOG_COMPILER_APPICON_NAME = AppIcon;
				ASSETCATALOG_COMPILER_GLOBAL_ACCENT_COLOR_NAME = AccentColor;
				CODE_SIGN_ENTITLEMENTS = ProteinTracker/ProteinTracker.entitlements;
				CODE_SIGN_IDENTITY = "iPhone Developer";
				CURRENT_PROJECT_VERSION = 1;
				GENERATE_INFOPLIST_FILE = YES;
				INFOPLIST_KEY_CFBundleDisplayName = Gramsof;
				INFOPLIST_KEY_UIApplicationSceneManifest_Generation = YES;
				INFOPLIST_KEY_UILaunchScreen_Generation = YES;
				INFOPLIST_KEY_UISupportedInterfaceOrientations_iPad = "UIInterfaceOrientationPortrait UIInterfaceOrientationPortraitUpsideDown UIInterfaceOrientationLandscapeLeft UIInterfaceOrientationLandscapeRight";
				INFOPLIST_KEY_UISupportedInterfaceOrientations_iPhone = "UIInterfaceOrientationPortrait UIInterfaceOrientationLandscapeLeft UIInterfaceOrientationLandscapeRight";
				LD_RUNPATH_SEARCH_PATHS = (
					"$(inherited)",
					"@executable_path/Frameworks",
				);
				MARKETING_VERSION = 1.0;
				PRODUCT_BUNDLE_IDENTIFIER = com.lukebillings.ProteinTracker;
				PRODUCT_NAME = "Protein Tracker";
				SDKROOT = iphoneos;
				SWIFT_VERSION = 5.0;
				TARGETED_DEVICE_FAMILY = "1,2";
			};
			name = Release;
		};
		E66E439B88F5CA80DE74BDDC /* Debug */ = {
			isa = XCBuildConfiguration;
			buildSettings = {
				ASSETCATALOG_COMPILER_APPICON_NAME = AppIcon;
				ASSETCATALOG_COMPILER_GLOBAL_ACCENT_COLOR_NAME = AccentColor;
				CODE_SIGN_ENTITLEMENTS = ProteinTracker/ProteinTracker.entitlements;
				CODE_SIGN_IDENTITY = "iPhone Developer";
				CURRENT_PROJECT_VERSION = 1;
				GENERATE_INFOPLIST_FILE = YES;
				INFOPLIST_KEY_CFBundleDisplayName = Gramsof;
				INFOPLIST_KEY_UIApplicationSceneManifest_Generation = YES;
				INFOPLIST_KEY_UILaunchScreen_Generation = YES;
				INFOPLIST_KEY_UISupportedInterfaceOrientations_iPad = "UIInterfaceOrientationPortrait UIInterfaceOrientationPortraitUpsideDown UIInterfaceOrientationLandscapeLeft UIInterfaceOrientationLandscapeRight";
				INFOPLIST_KEY_UISupportedInterfaceOrientations_iPhone = "UIInterfaceOrientationPortrait UIInterfaceOrientationLandscapeLeft UIInterfaceOrientationLandscapeRight";
				LD_RUNPATH_SEARCH_PATHS = (
					"$(inherited)",
					"@executable_path/Frameworks",
				);
				MARKETING_VERSION = 1.0;
				PRODUCT_BUNDLE_IDENTIFIER = com.lukebillings.ProteinTracker;
				PRODUCT_NAME = "Protein Tracker";
				SDKROOT = iphoneos;
				SWIFT_ACTIVE_COMPILATION_CONDITIONS = "$(inherited) DEBUG";
				SWIFT_VERSION = 5.0;
				TARGETED_DEVICE_FAMILY = "1,2";
			};
			name = Debug;
		};
/* End XCBuildConfiguration section */

/* Begin XCConfigurationList section */
		BD233CC7D75673CF4A39DFBA /* Build configuration list for PBXProject "ProteinTracker" */ = {
			isa = XCConfigurationList;
			buildConfigurations = (
				158F60C17ACDD797698EB8FB /* Debug */,
				2F970FC805AB8FCFEF7BFBEF /* Release */,
			);
			defaultConfigurationIsVisible = 0;
			defaultConfigurationName = Debug;
		};
		EE86B7CF701A24D92CDA1F19 /* Build configuration list for PBXNativeTarget "ProteinTracker" */ = {
			isa = XCConfigurationList;
			buildConfigurations = (
				E66E439B88F5CA80DE74BDDC /* Debug */,
				92A38CB2C4669166395185E4 /* Release */,
			);
			defaultConfigurationIsVisible = 0;
			defaultConfigurationName = Debug;
		};
/* End XCConfigurationList section */
	};
	rootObject = 0EDE50BFD0073D3B7A2CF2AF /* Project object */;
}
